// !$*UTF8*$!
{
	archiveVersion = 1;
	classes = {
	};
	objectVersion = 55;
	objects = {

/* Begin PBXBuildFile section */
		71EB5421274BF9A500148BB7 /* AppDelegate.swift in Sources */ = {isa = PBXBuildFile; fileRef = 71EB5420274BF9A500148BB7 /* AppDelegate.swift */; };
		71EB5423274BF9A500148BB7 /* SceneDelegate.swift in Sources */ = {isa = PBXBuildFile; fileRef = 71EB5422274BF9A500148BB7 /* SceneDelegate.swift */; };
		71EB5425274BF9A500148BB7 /* ViewController.swift in Sources */ = {isa = PBXBuildFile; fileRef = 71EB5424274BF9A500148BB7 /* ViewController.swift */; };
		71EB5428274BF9A500148BB7 /* Main.storyboard in Resources */ = {isa = PBXBuildFile; fileRef = 71EB5426274BF9A500148BB7 /* Main.storyboard */; };
		71EB542A274BF9A700148BB7 /* Assets.xcassets in Resources */ = {isa = PBXBuildFile; fileRef = 71EB5429274BF9A700148BB7 /* Assets.xcassets */; };
		71EB542D274BF9A700148BB7 /* LaunchScreen.storyboard in Resources */ = {isa = PBXBuildFile; fileRef = 71EB542B274BF9A700148BB7 /* LaunchScreen.storyboard */; };
		71EB5437274BF9E900148BB7 /* logoPets.png in Resources */ = {isa = PBXBuildFile; fileRef = 71EB5434274BF9E900148BB7 /* logoPets.png */; };
		71EB5438274BF9E900148BB7 /* logoPetsCachorro.png in Resources */ = {isa = PBXBuildFile; fileRef = 71EB5435274BF9E900148BB7 /* logoPetsCachorro.png */; };
		71EB5439274BF9E900148BB7 /* logoPetsGato.png in Resources */ = {isa = PBXBuildFile; fileRef = 71EB5436274BF9E900148BB7 /* logoPetsGato.png */; };
/* End PBXBuildFile section */

/* Begin PBXFileReference section */
		71EB541D274BF9A500148BB7 /* IdadePets.app */ = {isa = PBXFileReference; explicitFileType = wrapper.application; includeInIndex = 0; path = IdadePets.app; sourceTree = BUILT_PRODUCTS_DIR; };
		71EB5420274BF9A500148BB7 /* AppDelegate.swift */ = {isa = PBXFileReference; lastKnownFileType = sourcecode.swift; path = AppDelegate.swift; sourceTree = "<group>"; };
		71EB5422274BF9A500148BB7 /* SceneDelegate.swift */ = {isa = PBXFileReference; lastKnownFileType = sourcecode.swift; path = SceneDelegate.swift; sourceTree = "<group>"; };
		71EB5424274BF9A500148BB7 /* ViewController.swift */ = {isa = PBXFileReference; lastKnownFileType = sourcecode.swift; path = ViewController.swift; sourceTree = "<group>"; };
		71EB5427274BF9A500148BB7 /* Base */ = {isa = PBXFileReference; lastKnownFileType = file.storyboard; name = Base; path = Base.lproj/Main.storyboard; sourceTree = "<group>"; };
		71EB5429274BF9A700148BB7 /* Assets.xcassets */ = {isa = PBXFileReference; lastKnownFileType = folder.assetcatalog; path = Assets.xcassets; sourceTree = "<group>"; };
		71EB542C274BF9A700148BB7 /* Base */ = {isa = PBXFileReference; lastKnownFileType = file.storyboard; name = Base; path = Base.lproj/LaunchScreen.storyboard; sourceTree = "<group>"; };
		71EB542E274BF9A700148BB7 /* Info.plist */ = {isa = PBXFileReference; lastKnownFileType = text.plist.xml; path = Info.plist; sourceTree = "<group>"; };
		71EB5434274BF9E900148BB7 /* logoPets.png */ = {isa = PBXFileReference; lastKnownFileType = image.png; path = logoPets.png; sourceTree = "<group>"; };
		71EB5435274BF9E900148BB7 /* logoPetsCachorro.png */ = {isa = PBXFileReference; lastKnownFileType = image.png; path = logoPetsCachorro.png; sourceTree = "<group>"; };
		71EB5436274BF9E900148BB7 /* logoPetsGato.png */ = {isa = PBXFileReference; lastKnownFileType = image.png; path = logoPetsGato.png; sourceTree = "<group>"; };
/* End PBXFileReference section */

/* Begin PBXFrameworksBuildPhase section */
		71EB541A274BF9A500148BB7 /* Frameworks */ = {
			isa = PBXFrameworksBuildPhase;
			buildActionMask = 2147483647;
			files = (
			);
			runOnlyForDeploymentPostprocessing = 0;
		};
/* End PBXFrameworksBuildPhase section */

/* Begin PBXGroup section */
		71EB5414274BF9A500148BB7 = {
			isa = PBXGroup;
			children = (
				71EB541F274BF9A500148BB7 /* IdadePets */,
				71EB541E274BF9A500148BB7 /* Products */,
			);
			sourceTree = "<group>";
		};
		71EB541E274BF9A500148BB7 /* Products */ = {
			isa = PBXGroup;
			children = (
				71EB541D274BF9A500148BB7 /* IdadePets.app */,
			);
			name = Products;
			sourceTree = "<group>";
		};
		71EB541F274BF9A500148BB7 /* IdadePets */ = {
			isa = PBXGroup;
			children = (
				71EB5434274BF9E900148BB7 /* logoPets.png */,
				71EB5435274BF9E900148BB7 /* logoPetsCachorro.png */,
				71EB5436274BF9E900148BB7 /* logoPetsGato.png */,
				71EB5420274BF9A500148BB7 /* AppDelegate.swift */,
				71EB5422274BF9A500148BB7 /* SceneDelegate.swift */,
				71EB5424274BF9A500148BB7 /* ViewController.swift */,
				71EB5426274BF9A500148BB7 /* Main.storyboard */,
				71EB5429274BF9A700148BB7 /* Assets.xcassets */,
				71EB542B274BF9A700148BB7 /* LaunchScreen.storyboard */,
				71EB542E274BF9A700148BB7 /* Info.plist */,
			);
			path = IdadePets;
			sourceTree = "<group>";
		};
/* End PBXGroup section */

/* Begin PBXNativeTarget section */
		71EB541C274BF9A500148BB7 /* IdadePets */ = {
			isa = PBXNativeTarget;
			buildConfigurationList = 71EB5431274BF9A700148BB7 /* Build configuration list for PBXNativeTarget "IdadePets" */;
			buildPhases = (
				71EB5419274BF9A500148BB7 /* Sources */,
				71EB541A274BF9A500148BB7 /* Frameworks */,
				71EB541B274BF9A500148BB7 /* Resources */,
			);
			buildRules = (
			);
			dependencies = (
			);
			name = IdadePets;
			productName = IdadePets;
			productReference = 71EB541D274BF9A500148BB7 /* IdadePets.app */;
			productType = "com.apple.product-type.application";
		};
/* End PBXNativeTarget section */

/* Begin PBXProject section */
		71EB5415274BF9A500148BB7 /* Project object */ = {
			isa = PBXProject;
			attributes = {
				BuildIndependentTargetsInParallel = 1;
				LastSwiftUpdateCheck = 1310;
				LastUpgradeCheck = 1310;
				TargetAttributes = {
					71EB541C274BF9A500148BB7 = {
						CreatedOnToolsVersion = 13.1;
					};
				};
			};
			buildConfigurationList = 71EB5418274BF9A500148BB7 /* Build configuration list for PBXProject "IdadePets" */;
			compatibilityVersion = "Xcode 13.0";
			developmentRegion = en;
			hasScannedForEncodings = 0;
			knownRegions = (
				en,
				Base,
			);
			mainGroup = 71EB5414274BF9A500148BB7;
			productRefGroup = 71EB541E274BF9A500148BB7 /* Products */;
			projectDirPath = "";
			projectRoot = "";
			targets = (
				71EB541C274BF9A500148BB7 /* IdadePets */,
			);
		};
/* End PBXProject section */

/* Begin PBXResourcesBuildPhase section */
		71EB541B274BF9A500148BB7 /* Resources */ = {
			isa = PBXResourcesBuildPhase;
			buildActionMask = 2147483647;
			files = (
				71EB5437274BF9E900148BB7 /* logoPets.png in Resources */,
				71EB5439274BF9E900148BB7 /* logoPetsGato.png in Resources */,
				71EB542D274BF9A700148BB7 /* LaunchScreen.storyboard in Resources */,
				71EB542A274BF9A700148BB7 /* Assets.xcassets in Resources */,
				71EB5438274BF9E900148BB7 /* logoPetsCachorro.png in Resources */,
				71EB5428274BF9A500148BB7 /* Main.storyboard in Resources */,
			);
			runOnlyForDeploymentPostprocessing = 0;
		};
/* End PBXResourcesBuildPhase section */

/* Begin PBXSourcesBuildPhase section */
		71EB5419274BF9A500148BB7 /* Sources */ = {
			isa = PBXSourcesBuildPhase;
			buildActionMask = 2147483647;
			files = (
				71EB5425274BF9A500148BB7 /* ViewController.swift in Sources */,
				71EB5421274BF9A500148BB7 /* AppDelegate.swift in Sources */,
				71EB5423274BF9A500148BB7 /* SceneDelegate.swift in Sources */,
			);
			runOnlyForDeploymentPostprocessing = 0;
		};
/* End PBXSourcesBuildPhase section */

/* Begin PBXVariantGroup section */
		71EB5426274BF9A500148BB7 /* Main.storyboard */ = {
			isa = PBXVariantGroup;
			children = (
				71EB5427274BF9A500148BB7 /* Base */,
			);
			name = Main.storyboard;
			sourceTree = "<group>";
		};
		71EB542B274BF9A700148BB7 /* LaunchScreen.storyboard */ = {
			isa = PBXVariantGroup;
			children = (
				71EB542C274BF9A700148BB7 /* Base */,
			);
			name = LaunchScreen.storyboard;
			sourceTree = "<group>";
		};
/* End PBXVariantGroup section */

/* Begin XCBuildConfiguration section */
		71EB542F274BF9A700148BB7 /* Debug */ = {
			isa = XCBuildConfiguration;
			buildSettings = {
				ALWAYS_SEARCH_USER_PATHS = NO;
				CLANG_ANALYZER_NONNULL = YES;
				CLANG_ANALYZER_NUMBER_OBJECT_CONVERSION = YES_AGGRESSIVE;
				CLANG_CXX_LANGUAGE_STANDARD = "gnu++17";
				CLANG_CXX_LIBRARY = "libc++";
				CLANG_ENABLE_MODULES = YES;
				CLANG_ENABLE_OBJC_ARC = YES;
				CLANG_ENABLE_OBJC_WEAK = YES;
				CLANG_WARN_BLOCK_CAPTURE_AUTORELEASING = YES;
				CLANG_WARN_BOOL_CONVERSION = YES;
				CLANG_WARN_COMMA = YES;
				CLANG_WARN_CONSTANT_CONVERSION = YES;
				CLANG_WARN_DEPRECATED_OBJC_IMPLEMENTATIONS = YES;
				CLANG_WARN_DIRECT_OBJC_ISA_USAGE = YES_ERROR;
				CLANG_WARN_DOCUMENTATION_COMMENTS = YES;
				CLANG_WARN_EMPTY_BODY = YES;
				CLANG_WARN_ENUM_CONVERSION = YES;
				CLANG_WARN_INFINITE_RECURSION = YES;
				CLANG_WARN_INT_CONVERSION = YES;
				CLANG_WARN_NON_LITERAL_NULL_CONVERSION = YES;
				CLANG_WARN_OBJC_IMPLICIT_RETAIN_SELF = YES;
				CLANG_WARN_OBJC_LITERAL_CONVERSION = YES;
				CLANG_WARN_OBJC_ROOT_CLASS = YES_ERROR;
				CLANG_WARN_QUOTED_INCLUDE_IN_FRAMEWORK_HEADER = YES;
				CLANG_WARN_RANGE_LOOP_ANALYSIS = YES;
				CLANG_WARN_STRICT_PROTOTYPES = YES;
				CLANG_WARN_SUSPICIOUS_MOVE = YES;
				CLANG_WARN_UNGUARDED_AVAILABILITY = YES_AGGRESSIVE;
				CLANG_WARN_UNREACHABLE_CODE = YES;
				CLANG_WARN__DUPLICATE_METHOD_MATCH = YES;
				COPY_PHASE_STRIP = NO;
				DEBUG_INFORMATION_FORMAT = dwarf;
				ENABLE_STRICT_OBJC_MSGSEND = YES;
				ENABLE_TESTABILITY = YES;
				GCC_C_LANGUAGE_STANDARD = gnu11;
				GCC_DYNAMIC_NO_PIC = NO;
				GCC_NO_COMMON_BLOCKS = YES;
				GCC_OPTIMIZATION_LEVEL = 0;
				GCC_PREPROCESSOR_DEFINITIONS = (
					"DEBUG=1",
					"$(inherited)",
				);
				GCC_WARN_64_TO_32_BIT_CONVERSION = YES;
				GCC_WARN_ABOUT_RETURN_TYPE = YES_ERROR;
				GCC_WARN_UNDECLARED_SELECTOR = YES;
				GCC_WARN_UNINITIALIZED_AUTOS = YES_AGGRESSIVE;
				GCC_WARN_UNUSED_FUNCTION = YES;
				GCC_WARN_UNUSED_VARIABLE = YES;
				IPHONEOS_DEPLOYMENT_TARGET = 15.0;
				MTL_ENABLE_DEBUG_INFO = INCLUDE_SOURCE;
				MTL_FAST_MATH = YES;
				ONLY_ACTIVE_ARCH = YES;
				SDKROOT = iphoneos;
				SWIFT_ACTIVE_COMPILATION_CONDITIONS = DEBUG;
				SWIFT_OPTIMIZATION_LEVEL = "-Onone";
			};
			name = Debug;
		};
		71EB5430274BF9A700148BB7 /* Release */ = {
			isa = XCBuildConfiguration;
			buildSettings = {
				ALWAYS_SEARCH_USER_PATHS = NO;
				CLANG_ANALYZER_NONNULL = YES;
				CLANG_ANALYZER_NUMBER_OBJECT_CONVERSION = YES_AGGRESSIVE;
				CLANG_CXX_LANGUAGE_STANDARD = "gnu++17";
				CLANG_CXX_LIBRARY = "libc++";
				CLANG_ENABLE_MODULES = YES;
				CLANG_ENABLE_OBJC_ARC = YES;
				CLANG_ENABLE_OBJC_WEAK = YES;
				CLANG_WARN_BLOCK_CAPTURE_AUTORELEASING = YES;
				CLANG_WARN_BOOL_CONVERSION = YES;
				CLANG_WARN_COMMA = YES;
				CLANG_WARN_CONSTANT_CONVERSION = YES;
				CLANG_WARN_DEPRECATED_OBJC_IMPLEMENTATIONS = YES;
				CLANG_WARN_DIRECT_OBJC_ISA_USAGE = YES_ERROR;
				CLANG_WARN_DOCUMENTATION_COMMENTS = YES;
				CLANG_WARN_EMPTY_BODY = YES;
				CLANG_WARN_ENUM_CONVERSION = YES;
				CLANG_WARN_INFINITE_RECURSION = YES;
				CLANG_WARN_INT_CONVERSION = YES;
				CLANG_WARN_NON_LITERAL_NULL_CONVERSION = YES;
				CLANG_WARN_OBJC_IMPLICIT_RETAIN_SELF = YES;
				CLANG_WARN_OBJC_LITERAL_CONVERSION = YES;
				CLANG_WARN_OBJC_ROOT_CLASS = YES_ERROR;
				CLANG_WARN_QUOTED_INCLUDE_IN_FRAMEWORK_HEADER = YES;
				CLANG_WARN_RANGE_LOOP_ANALYSIS = YES;
				CLANG_WARN_STRICT_PROTOTYPES = YES;
				CLANG_WARN_SUSPICIOUS_MOVE = YES;
				CLANG_WARN_UNGUARDED_AVAILABILITY = YES_AGGRESSIVE;
				CLANG_WARN_UNREACHABLE_CODE = YES;
				CLANG_WARN__DUPLICATE_METHOD_MATCH = YES;
				COPY_PHASE_STRIP = NO;
				DEBUG_INFORMATION_FORMAT = "dwarf-with-dsym";
				ENABLE_NS_ASSERTIONS = NO;
				ENABLE_STRICT_OBJC_MSGSEND = YES;
				GCC_C_LANGUAGE_STANDARD = gnu11;
				GCC_NO_COMMON_BLOCKS = YES;
				GCC_WARN_64_TO_32_BIT_CONVERSION = YES;
				GCC_WARN_ABOUT_RETURN_TYPE = YES_ERROR;
				GCC_WARN_UNDECLARED_SELECTOR = YES;
				GCC_WARN_UNINITIALIZED_AUTOS = YES_AGGRESSIVE;
				GCC_WARN_UNUSED_FUNCTION = YES;
				GCC_WARN_UNUSED_VARIABLE = YES;
				IPHONEOS_DEPLOYMENT_TARGET = 15.0;
				MTL_ENABLE_DEBUG_INFO = NO;
				MTL_FAST_MATH = YES;
				SDKROOT = iphoneos;
				SWIFT_COMPILATION_MODE = wholemodule;
				SWIFT_OPTIMIZATION_LEVEL = "-O";
				VALIDATE_PRODUCT = YES;
			};
			name = Release;
		};
		71EB5432274BF9A700148BB7 /* Debug */ = {
			isa = XCBuildConfiguration;
			buildSettings = {
				ASSETCATALOG_COMPILER_APPICON_NAME = AppIcon;
				ASSETCATALOG_COMPILER_GLOBAL_ACCENT_COLOR_NAME = AccentColor;
				CODE_SIGN_STYLE = Automatic;
				CURRENT_PROJECT_VERSION = 1;
				GENERATE_INFOPLIST_FILE = YES;
				INFOPLIST_FILE = IdadePets/Info.plist;
				INFOPLIST_KEY_UIApplicationSupportsIndirectInputEvents = YES;
				INFOPLIST_KEY_UILaunchStoryboardName = LaunchScreen;
				INFOPLIST_KEY_UIMainStoryboardFile = Main;
				INFOPLIST_KEY_UISupportedInterfaceOrientations_iPad = "UIInterfaceOrientationPortrait UIInterfaceOrientationPortraitUpsideDown UIInterfaceOrientationLandscapeLeft UIInterfaceOrientationLandscapeRight";
				INFOPLIST_KEY_UISupportedInterfaceOrientations_iPhone = "UIInterfaceOrientationPortrait UIInterfaceOrientationLandscapeLeft UIInterfaceOrientationLandscapeRight";
				LD_RUNPATH_SEARCH_PATHS = (
					"$(inherited)",
					"@executable_path/Frameworks",
				);
				MARKETING_VERSION = 1.0;
				PRODUCT_BUNDLE_IDENTIFIER = br.com.IdadePets;
				PRODUCT_NAME = "$(TARGET_NAME)";
				SWIFT_EMIT_LOC_STRINGS = YES;
				SWIFT_VERSION = 5.0;
				TARGETED_DEVICE_FAMILY = "1,2";
			};
			name = Debug;
		};
		71EB5433274BF9A700148BB7 /* Release */ = {
			isa = XCBuildConfiguration;
			buildSettings = {
				ASSETCATALOG_COMPILER_APPICON_NAME = AppIcon;
				ASSETCATALOG_COMPILER_GLOBAL_ACCENT_COLOR_NAME = AccentColor;
				CODE_SIGN_STYLE = Automatic;
				CURRENT_PROJECT_VERSION = 1;
				GENERATE_INFOPLIST_FILE = YES;
				INFOPLIST_FILE = IdadePets/Info.plist;
				INFOPLIST_KEY_UIApplicationSupportsIndirectInputEvents = YES;
				INFOPLIST_KEY_UILaunchStoryboardName = LaunchScreen;
				INFOPLIST_KEY_UIMainStoryboardFile = Main;
				INFOPLIST_KEY_UISupportedInterfaceOrientations_iPad = "UIInterfaceOrientationPortrait UIInterfaceOrientationPortraitUpsideDown UIInterfaceOrientationLandscapeLeft UIInterfaceOrientationLandscapeRight";
				INFOPLIST_KEY_UISupportedInterfaceOrientations_iPhone = "UIInterfaceOrientationPortrait UIInterfaceOrientationLandscapeLeft UIInterfaceOrientationLandscapeRight";
				LD_RUNPATH_SEARCH_PATHS = (
					"$(inherited)",
					"@executable_path/Frameworks",
				);
				MARKETING_VERSION = 1.0;
				PRODUCT_BUNDLE_IDENTIFIER = br.com.IdadePets;
				PRODUCT_NAME = "$(TARGET_NAME)";
				SWIFT_EMIT_LOC_STRINGS = YES;
				SWIFT_VERSION = 5.0;
				TARGETED_DEVICE_FAMILY = "1,2";
			};
			name = Release;
		};
/* End XCBuildConfiguration section */

/* Begin XCConfigurationList section */
		71EB5418274BF9A500148BB7 /* Build configuration list for PBXProject "IdadePets" */ = {
			isa = XCConfigurationList;
			buildConfigurations = (
				71EB542F274BF9A700148BB7 /* Debug */,
				71EB5430274BF9A700148BB7 /* Release */,
			);
			defaultConfigurationIsVisible = 0;
			defaultConfigurationName = Release;
		};
		71EB5431274BF9A700148BB7 /* Build configuration list for PBXNativeTarget "IdadePets" */ = {
			isa = XCConfigurationList;
			buildConfigurations = (
				71EB5432274BF9A700148BB7 /* Debug */,
				71EB5433274BF9A700148BB7 /* Release */,
			);
			defaultConfigurationIsVisible = 0;
			defaultConfigurationName = Release;
		};
/* End XCConfigurationList section */
	};
	rootObject = 71EB5415274BF9A500148BB7 /* Project object */;
}
